{
  "name": "future-mrt-stations",
  "version": "1.0.0",
  "lockfileVersion": 3,
  "requires": true,
  "packages": {
    "": {
      "name": "future-mrt-stations",
      "version": "1.0.0",
      "license": "MIT",
      "workspaces": [
        "research"
      ]
    },
    "node_modules/mrt-research-harness": {
      "resolved": "research",
      "link": true
    },
    "research": {
      "name": "mrt-research-harness",
      "version": "1.0.0",
      "license": "MIT",
      "bin": {
        "mrt-research": "run.js"
      },
      "engines": {
        "node": ">=22"
      }
    }
  }
}
